
Microsoft Visual Studio Solution File, Format Version 12.00
# Visual Studio Version 17
VisualStudioVersion = 17.0.31903.59
MinimumVisualStudioVersion = 10.0.40219.1
Project("{FAE04EC0-301F-11D3-BF4B-00C04F79EFBC}") = "A1", "A1\A1.csproj", "{65CEF64F-F1EF-421E-B1CB-99CBB29514D5}"
EndProject
Project("{FAE04EC0-301F-11D3-BF4B-00C04F79EFBC}") = "8.28.24", "8.28.24\8.28.24.csproj", "{B8C61736-35B6-435D-AE97-0C141BC2D2B4}"
EndProject
Project("{FAE04EC0-301F-11D3-BF4B-00C04F79EFBC}") = "A2", "A2\A2.csproj", "{DCC2E354-B679-43F6-AE24-295736C7B7C2}"
EndProject
Project("{FAE04EC0-301F-11D3-BF4B-00C04F79EFBC}") = "9.4.24", "9.4.24\9.4.24.csproj", "{1E70B939-30E1-4EAB-B62C-C37BEC818FE5}"
EndProject
Project("{FAE04EC0-301F-11D3-BF4B-00C04F79EFBC}") = "9.9.24", "9.9.24\9.9.24.csproj", "{99334145-8582-46F2-B645-6D856A05A845}"
EndProject
Project("{FAE04EC0-301F-11D3-BF4B-00C04F79EFBC}") = "9.11.24", "9.11.24\9.11.24.csproj", "{5DACE042-198B-47D0-B374-50D14B70BF40}"
EndProject
Project("{FAE04EC0-301F-11D3-BF4B-00C04F79EFBC}") = "9.18.24", "9.18.24\9.18.24.csproj", "{C7C3EC88-2471-4AB3-924F-942B581D9540}"
EndProject
Project("{FAE04EC0-301F-11D3-BF4B-00C04F79EFBC}") = "9.16.24", "9.16.24\9.16.24.csproj", "{FAC4330D-0939-494C-8899-063DA2D938D7}"
EndProject
Project("{FAE04EC0-301F-11D3-BF4B-00C04F79EFBC}") = "A3", "A3\A3.csproj", "{799B6DB7-17C6-4A13-8CE8-2ACC19269654}"
EndProject
Project("{FAE04EC0-301F-11D3-BF4B-00C04F79EFBC}") = "9.23.24", "9.23.24\9.23.24.csproj", "{2296235C-EFB4-4B39-9219-86E063E9EA91}"
EndProject
Project("{FAE04EC0-301F-11D3-BF4B-00C04F79EFBC}") = "9.25.24", "9.25.24\9.25.24.csproj", "{64BA5408-30E5-4E52-AD09-4F318AA7C032}"
EndProject
Project("{FAE04EC0-301F-11D3-BF4B-00C04F79EFBC}") = "A4", "A4\A4.csproj", "{64B0C872-B06E-44B1-9609-EC8E0B9AEA0D}"
EndProject
Project("{FAE04EC0-301F-11D3-BF4B-00C04F79EFBC}") = "10.2.24", "10.2.24\10.2.24.csproj", "{CDF457CE-8713-40E6-973A-B0D4794D1A06}"
EndProject
Project("{FAE04EC0-301F-11D3-BF4B-00C04F79EFBC}") = "9.30.24", "9.30.24\9.30.24.csproj", "{80543139-33B7-4C55-8704-E30EF462B448}"
EndProject
Project("{FAE04EC0-301F-11D3-BF4B-00C04F79EFBC}") = "A5", "A5\A5.csproj", "{D5EF2218-D51B-47E4-A515-FE2BAB668B01}"
EndProject
Project("{FAE04EC0-301F-11D3-BF4B-00C04F79EFBC}") = "10.7.24", "10.7.24\10.7.24.csproj", "{F33A9AE1-5C8A-4C0B-AFBA-29861A0888CD}"
EndProject
Project("{FAE04EC0-301F-11D3-BF4B-00C04F79EFBC}") = "A6", "A6\A6.csproj", "{52ACF5E0-1706-422B-AA51-840439ABD782}"
EndProject
Project("{FAE04EC0-301F-11D3-BF4B-00C04F79EFBC}") = "OA1", "OA1\OA1.csproj", "{C9160871-C696-4C1A-B41D-CBB671CCFDB9}"
EndProject
Project("{FAE04EC0-301F-11D3-BF4B-00C04F79EFBC}") = "Exam 1 Review", "Exam 1 Review\Exam 1 Review.csproj", "{261EA4D7-8D67-4790-B23A-A1654760BBD3}"
EndProject
Project("{FAE04EC0-301F-11D3-BF4B-00C04F79EFBC}") = "10.21.24", "10.21.24\10.21.24.csproj", "{78AAA697-78A6-45C6-B624-0516D36496E5}"
EndProject
Project("{FAE04EC0-301F-11D3-BF4B-00C04F79EFBC}") = "10.23.24", "10.23.24\10.23.24.csproj", "{59A64F00-B372-4102-957A-E202A6331927}"
EndProject
Project("{FAE04EC0-301F-11D3-BF4B-00C04F79EFBC}") = "A7", "A7\A7.csproj", "{5600372A-8EB4-4E7D-A2B8-2AD4EA9530A7}"
EndProject
Project("{FAE04EC0-301F-11D3-BF4B-00C04F79EFBC}") = "10.28.24", "10.28.24\10.28.24.csproj", "{76EAC005-6B92-4165-9D55-401F87FE9B81}"
EndProject
Project("{FAE04EC0-301F-11D3-BF4B-00C04F79EFBC}") = "11.4.24", "11.4.14\11.4.24.csproj", "{8B9130A6-964F-4C31-B626-19F907F1E5EA}"
EndProject
Project("{2150E333-8FDC-42A3-9474-1A3956D46DE8}") = "draw.io", "draw.io", "{56EF173D-199A-4E9F-A457-6F73FE004134}"
	ProjectSection(SolutionItems) = preProject
		11.4.24.drawio = 11.4.24.drawio
	EndProjectSection
EndProject
Global
	GlobalSection(SolutionConfigurationPlatforms) = preSolution
		Debug|Any CPU = Debug|Any CPU
		Release|Any CPU = Release|Any CPU
	EndGlobalSection
	GlobalSection(ProjectConfigurationPlatforms) = postSolution
		{65CEF64F-F1EF-421E-B1CB-99CBB29514D5}.Debug|Any CPU.ActiveCfg = Debug|Any CPU
		{65CEF64F-F1EF-421E-B1CB-99CBB29514D5}.Debug|Any CPU.Build.0 = Debug|Any CPU
		{65CEF64F-F1EF-421E-B1CB-99CBB29514D5}.Release|Any CPU.ActiveCfg = Release|Any CPU
		{65CEF64F-F1EF-421E-B1CB-99CBB29514D5}.Release|Any CPU.Build.0 = Release|Any CPU
		{B8C61736-35B6-435D-AE97-0C141BC2D2B4}.Debug|Any CPU.ActiveCfg = Debug|Any CPU
		{B8C61736-35B6-435D-AE97-0C141BC2D2B4}.Debug|Any CPU.Build.0 = Debug|Any CPU
		{B8C61736-35B6-435D-AE97-0C141BC2D2B4}.Release|Any CPU.ActiveCfg = Release|Any CPU
		{B8C61736-35B6-435D-AE97-0C141BC2D2B4}.Release|Any CPU.Build.0 = Release|Any CPU
		{DCC2E354-B679-43F6-AE24-295736C7B7C2}.Debug|Any CPU.ActiveCfg = Debug|Any CPU
		{DCC2E354-B679-43F6-AE24-295736C7B7C2}.Debug|Any CPU.Build.0 = Debug|Any CPU
		{DCC2E354-B679-43F6-AE24-295736C7B7C2}.Release|Any CPU.ActiveCfg = Release|Any CPU
		{DCC2E354-B679-43F6-AE24-295736C7B7C2}.Release|Any CPU.Build.0 = Release|Any CPU
		{1E70B939-30E1-4EAB-B62C-C37BEC818FE5}.Debug|Any CPU.ActiveCfg = Debug|Any CPU
		{1E70B939-30E1-4EAB-B62C-C37BEC818FE5}.Debug|Any CPU.Build.0 = Debug|Any CPU
		{1E70B939-30E1-4EAB-B62C-C37BEC818FE5}.Release|Any CPU.ActiveCfg = Release|Any CPU
		{1E70B939-30E1-4EAB-B62C-C37BEC818FE5}.Release|Any CPU.Build.0 = Release|Any CPU
		{99334145-8582-46F2-B645-6D856A05A845}.Debug|Any CPU.ActiveCfg = Debug|Any CPU
		{99334145-8582-46F2-B645-6D856A05A845}.Debug|Any CPU.Build.0 = Debug|Any CPU
		{99334145-8582-46F2-B645-6D856A05A845}.Release|Any CPU.ActiveCfg = Release|Any CPU
		{99334145-8582-46F2-B645-6D856A05A845}.Release|Any CPU.Build.0 = Release|Any CPU
		{5DACE042-198B-47D0-B374-50D14B70BF40}.Debug|Any CPU.ActiveCfg = Debug|Any CPU
		{5DACE042-198B-47D0-B374-50D14B70BF40}.Debug|Any CPU.Build.0 = Debug|Any CPU
		{5DACE042-198B-47D0-B374-50D14B70BF40}.Release|Any CPU.ActiveCfg = Release|Any CPU
		{5DACE042-198B-47D0-B374-50D14B70BF40}.Release|Any CPU.Build.0 = Release|Any CPU
		{C7C3EC88-2471-4AB3-924F-942B581D9540}.Debug|Any CPU.ActiveCfg = Debug|Any CPU
		{C7C3EC88-2471-4AB3-924F-942B581D9540}.Debug|Any CPU.Build.0 = Debug|Any CPU
		{C7C3EC88-2471-4AB3-924F-942B581D9540}.Release|Any CPU.ActiveCfg = Release|Any CPU
		{C7C3EC88-2471-4AB3-924F-942B581D9540}.Release|Any CPU.Build.0 = Release|Any CPU
		{FAC4330D-0939-494C-8899-063DA2D938D7}.Debug|Any CPU.ActiveCfg = Debug|Any CPU
		{FAC4330D-0939-494C-8899-063DA2D938D7}.Debug|Any CPU.Build.0 = Debug|Any CPU
		{FAC4330D-0939-494C-8899-063DA2D938D7}.Release|Any CPU.ActiveCfg = Release|Any CPU
		{FAC4330D-0939-494C-8899-063DA2D938D7}.Release|Any CPU.Build.0 = Release|Any CPU
		{799B6DB7-17C6-4A13-8CE8-2ACC19269654}.Debug|Any CPU.ActiveCfg = Debug|Any CPU
		{799B6DB7-17C6-4A13-8CE8-2ACC19269654}.Debug|Any CPU.Build.0 = Debug|Any CPU
		{799B6DB7-17C6-4A13-8CE8-2ACC19269654}.Release|Any CPU.ActiveCfg = Release|Any CPU
		{799B6DB7-17C6-4A13-8CE8-2ACC19269654}.Release|Any CPU.Build.0 = Release|Any CPU
		{2296235C-EFB4-4B39-9219-86E063E9EA91}.Debug|Any CPU.ActiveCfg = Debug|Any CPU
		{2296235C-EFB4-4B39-9219-86E063E9EA91}.Debug|Any CPU.Build.0 = Debug|Any CPU
		{2296235C-EFB4-4B39-9219-86E063E9EA91}.Release|Any CPU.ActiveCfg = Release|Any CPU
		{2296235C-EFB4-4B39-9219-86E063E9EA91}.Release|Any CPU.Build.0 = Release|Any CPU
		{64BA5408-30E5-4E52-AD09-4F318AA7C032}.Debug|Any CPU.ActiveCfg = Debug|Any CPU
		{64BA5408-30E5-4E52-AD09-4F318AA7C032}.Debug|Any CPU.Build.0 = Debug|Any CPU
		{64BA5408-30E5-4E52-AD09-4F318AA7C032}.Release|Any CPU.ActiveCfg = Release|Any CPU
		{64BA5408-30E5-4E52-AD09-4F318AA7C032}.Release|Any CPU.Build.0 = Release|Any CPU
		{64B0C872-B06E-44B1-9609-EC8E0B9AEA0D}.Debug|Any CPU.ActiveCfg = Debug|Any CPU
		{64B0C872-B06E-44B1-9609-EC8E0B9AEA0D}.Debug|Any CPU.Build.0 = Debug|Any CPU
		{64B0C872-B06E-44B1-9609-EC8E0B9AEA0D}.Release|Any CPU.ActiveCfg = Release|Any CPU
		{64B0C872-B06E-44B1-9609-EC8E0B9AEA0D}.Release|Any CPU.Build.0 = Release|Any CPU
		{CDF457CE-8713-40E6-973A-B0D4794D1A06}.Debug|Any CPU.ActiveCfg = Debug|Any CPU
		{CDF457CE-8713-40E6-973A-B0D4794D1A06}.Debug|Any CPU.Build.0 = Debug|Any CPU
		{CDF457CE-8713-40E6-973A-B0D4794D1A06}.Release|Any CPU.ActiveCfg = Release|Any CPU
		{CDF457CE-8713-40E6-973A-B0D4794D1A06}.Release|Any CPU.Build.0 = Release|Any CPU
		{80543139-33B7-4C55-8704-E30EF462B448}.Debug|Any CPU.ActiveCfg = Debug|Any CPU
		{80543139-33B7-4C55-8704-E30EF462B448}.Debug|Any CPU.Build.0 = Debug|Any CPU
		{80543139-33B7-4C55-8704-E30EF462B448}.Release|Any CPU.ActiveCfg = Release|Any CPU
		{80543139-33B7-4C55-8704-E30EF462B448}.Release|Any CPU.Build.0 = Release|Any CPU
		{D5EF2218-D51B-47E4-A515-FE2BAB668B01}.Debug|Any CPU.ActiveCfg = Debug|Any CPU
		{D5EF2218-D51B-47E4-A515-FE2BAB668B01}.Debug|Any CPU.Build.0 = Debug|Any CPU
		{D5EF2218-D51B-47E4-A515-FE2BAB668B01}.Release|Any CPU.ActiveCfg = Release|Any CPU
		{D5EF2218-D51B-47E4-A515-FE2BAB668B01}.Release|Any CPU.Build.0 = Release|Any CPU
		{F33A9AE1-5C8A-4C0B-AFBA-29861A0888CD}.Debug|Any CPU.ActiveCfg = Debug|Any CPU
		{F33A9AE1-5C8A-4C0B-AFBA-29861A0888CD}.Debug|Any CPU.Build.0 = Debug|Any CPU
		{F33A9AE1-5C8A-4C0B-AFBA-29861A0888CD}.Release|Any CPU.ActiveCfg = Release|Any CPU
		{F33A9AE1-5C8A-4C0B-AFBA-29861A0888CD}.Release|Any CPU.Build.0 = Release|Any CPU
		{52ACF5E0-1706-422B-AA51-840439ABD782}.Debug|Any CPU.ActiveCfg = Debug|Any CPU
		{52ACF5E0-1706-422B-AA51-840439ABD782}.Debug|Any CPU.Build.0 = Debug|Any CPU
		{52ACF5E0-1706-422B-AA51-840439ABD782}.Release|Any CPU.ActiveCfg = Release|Any CPU
		{52ACF5E0-1706-422B-AA51-840439ABD782}.Release|Any CPU.Build.0 = Release|Any CPU
		{C9160871-C696-4C1A-B41D-CBB671CCFDB9}.Debug|Any CPU.ActiveCfg = Debug|Any CPU
		{C9160871-C696-4C1A-B41D-CBB671CCFDB9}.Debug|Any CPU.Build.0 = Debug|Any CPU
		{C9160871-C696-4C1A-B41D-CBB671CCFDB9}.Release|Any CPU.ActiveCfg = Release|Any CPU
		{C9160871-C696-4C1A-B41D-CBB671CCFDB9}.Release|Any CPU.Build.0 = Release|Any CPU
		{261EA4D7-8D67-4790-B23A-A1654760BBD3}.Debug|Any CPU.ActiveCfg = Debug|Any CPU
		{261EA4D7-8D67-4790-B23A-A1654760BBD3}.Debug|Any CPU.Build.0 = Debug|Any CPU
		{261EA4D7-8D67-4790-B23A-A1654760BBD3}.Release|Any CPU.ActiveCfg = Release|Any CPU
		{261EA4D7-8D67-4790-B23A-A1654760BBD3}.Release|Any CPU.Build.0 = Release|Any CPU
		{78AAA697-78A6-45C6-B624-0516D36496E5}.Debug|Any CPU.ActiveCfg = Debug|Any CPU
		{78AAA697-78A6-45C6-B624-0516D36496E5}.Debug|Any CPU.Build.0 = Debug|Any CPU
		{78AAA697-78A6-45C6-B624-0516D36496E5}.Release|Any CPU.ActiveCfg = Release|Any CPU
		{78AAA697-78A6-45C6-B624-0516D36496E5}.Release|Any CPU.Build.0 = Release|Any CPU
		{59A64F00-B372-4102-957A-E202A6331927}.Debug|Any CPU.ActiveCfg = Debug|Any CPU
		{59A64F00-B372-4102-957A-E202A6331927}.Debug|Any CPU.Build.0 = Debug|Any CPU
		{59A64F00-B372-4102-957A-E202A6331927}.Release|Any CPU.ActiveCfg = Release|Any CPU
		{59A64F00-B372-4102-957A-E202A6331927}.Release|Any CPU.Build.0 = Release|Any CPU
		{5600372A-8EB4-4E7D-A2B8-2AD4EA9530A7}.Debug|Any CPU.ActiveCfg = Debug|Any CPU
		{5600372A-8EB4-4E7D-A2B8-2AD4EA9530A7}.Debug|Any CPU.Build.0 = Debug|Any CPU
		{5600372A-8EB4-4E7D-A2B8-2AD4EA9530A7}.Release|Any CPU.ActiveCfg = Release|Any CPU
		{5600372A-8EB4-4E7D-A2B8-2AD4EA9530A7}.Release|Any CPU.Build.0 = Release|Any CPU
		{76EAC005-6B92-4165-9D55-401F87FE9B81}.Debug|Any CPU.ActiveCfg = Debug|Any CPU
		{76EAC005-6B92-4165-9D55-401F87FE9B81}.Debug|Any CPU.Build.0 = Debug|Any CPU
		{76EAC005-6B92-4165-9D55-401F87FE9B81}.Release|Any CPU.ActiveCfg = Release|Any CPU
		{76EAC005-6B92-4165-9D55-401F87FE9B81}.Release|Any CPU.Build.0 = Release|Any CPU
		{8B9130A6-964F-4C31-B626-19F907F1E5EA}.Debug|Any CPU.ActiveCfg = Debug|Any CPU
		{8B9130A6-964F-4C31-B626-19F907F1E5EA}.Debug|Any CPU.Build.0 = Debug|Any CPU
		{8B9130A6-964F-4C31-B626-19F907F1E5EA}.Release|Any CPU.ActiveCfg = Release|Any CPU
		{8B9130A6-964F-4C31-B626-19F907F1E5EA}.Release|Any CPU.Build.0 = Release|Any CPU
	EndGlobalSection
	GlobalSection(SolutionProperties) = preSolution
		HideSolutionNode = FALSE
	EndGlobalSection
EndGlobal
